
Microsoft Visual Studio Solution File, Format Version 12.00
# Visual Studio Version 17
VisualStudioVersion = 17.3.32929.385
MinimumVisualStudioVersion = 10.0.40219.1
Project("{9A19103F-16F7-4668-BE54-9A1E7A4F7556}") = "StoreAuto", "StoreAuto\StoreAuto.csproj", "{FE38AB66-953F-4BE2-BB67-BE1C53773021}"
EndProject
Project("{FAE04EC0-301F-11D3-BF4B-00C04F79EFBC}") = "TPH_Example", "Example_TPH\TPH_Example.csproj", "{1069F335-ABE6-4E46-AC44-047C9DE5C867}"
EndProject
Project("{FAE04EC0-301F-11D3-BF4B-00C04F79EFBC}") = "TPH_Example_Discriminator", "TPH_Discriminator_Example\TPH_Example_Discriminator.csproj", "{A7230896-7546-48BA-B231-ED085C2D4F24}"
EndProject
Project("{FAE04EC0-301F-11D3-BF4B-00C04F79EFBC}") = "TPT_Example", "TPT_Example\TPT_Example.csproj", "{C9505724-2608-4C13-BAA5-41177BB2C297}"
EndProject
Global
	GlobalSection(SolutionConfigurationPlatforms) = preSolution
		Debug|Any CPU = Debug|Any CPU
		Release|Any CPU = Release|Any CPU
	EndGlobalSection
	GlobalSection(ProjectConfigurationPlatforms) = postSolution
		{FE38AB66-953F-4BE2-BB67-BE1C53773021}.Debug|Any CPU.ActiveCfg = Debug|Any CPU
		{FE38AB66-953F-4BE2-BB67-BE1C53773021}.Debug|Any CPU.Build.0 = Debug|Any CPU
		{FE38AB66-953F-4BE2-BB67-BE1C53773021}.Release|Any CPU.ActiveCfg = Release|Any CPU
		{FE38AB66-953F-4BE2-BB67-BE1C53773021}.Release|Any CPU.Build.0 = Release|Any CPU
		{1069F335-ABE6-4E46-AC44-047C9DE5C867}.Debug|Any CPU.ActiveCfg = Debug|Any CPU
		{1069F335-ABE6-4E46-AC44-047C9DE5C867}.Debug|Any CPU.Build.0 = Debug|Any CPU
		{1069F335-ABE6-4E46-AC44-047C9DE5C867}.Release|Any CPU.ActiveCfg = Release|Any CPU
		{1069F335-ABE6-4E46-AC44-047C9DE5C867}.Release|Any CPU.Build.0 = Release|Any CPU
		{A7230896-7546-48BA-B231-ED085C2D4F24}.Debug|Any CPU.ActiveCfg = Debug|Any CPU
		{A7230896-7546-48BA-B231-ED085C2D4F24}.Debug|Any CPU.Build.0 = Debug|Any CPU
		{A7230896-7546-48BA-B231-ED085C2D4F24}.Release|Any CPU.ActiveCfg = Release|Any CPU
		{A7230896-7546-48BA-B231-ED085C2D4F24}.Release|Any CPU.Build.0 = Release|Any CPU
		{C9505724-2608-4C13-BAA5-41177BB2C297}.Debug|Any CPU.ActiveCfg = Debug|Any CPU
		{C9505724-2608-4C13-BAA5-41177BB2C297}.Debug|Any CPU.Build.0 = Debug|Any CPU
		{C9505724-2608-4C13-BAA5-41177BB2C297}.Release|Any CPU.ActiveCfg = Release|Any CPU
		{C9505724-2608-4C13-BAA5-41177BB2C297}.Release|Any CPU.Build.0 = Release|Any CPU
	EndGlobalSection
	GlobalSection(SolutionProperties) = preSolution
		HideSolutionNode = FALSE
	EndGlobalSection
	GlobalSection(ExtensibilityGlobals) = postSolution
		SolutionGuid = {2F9E63B2-BB02-4F09-83F3-91D86E12CD17}
	EndGlobalSection
EndGlobal
