
Microsoft Visual Studio Solution File, Format Version 12.00
# Visual Studio Version 17
VisualStudioVersion = 17.3.32929.385
MinimumVisualStudioVersion = 10.0.40219.1
Project("{FAE04EC0-301F-11D3-BF4B-00C04F79EFBC}") = "StoreAuto", "StoreAuto\StoreAuto.csproj", "{FE38AB66-953F-4BE2-BB67-BE1C53773021}"
EndProject
Global
	GlobalSection(SolutionConfigurationPlatforms) = preSolution
		Debug|Any CPU = Debug|Any CPU
		Release|Any CPU = Release|Any CPU
	EndGlobalSection
	GlobalSection(ProjectConfigurationPlatforms) = postSolution
		{FE38AB66-953F-4BE2-BB67-BE1C53773021}.Debug|Any CPU.ActiveCfg = Debug|Any CPU
		{FE38AB66-953F-4BE2-BB67-BE1C53773021}.Debug|Any CPU.Build.0 = Debug|Any CPU
		{FE38AB66-953F-4BE2-BB67-BE1C53773021}.Release|Any CPU.ActiveCfg = Release|Any CPU
		{FE38AB66-953F-4BE2-BB67-BE1C53773021}.Release|Any CPU.Build.0 = Release|Any CPU
	EndGlobalSection
	GlobalSection(SolutionProperties) = preSolution
		HideSolutionNode = FALSE
	EndGlobalSection
	GlobalSection(ExtensibilityGlobals) = postSolution
		SolutionGuid = {2F9E63B2-BB02-4F09-83F3-91D86E12CD17}
	EndGlobalSection
EndGlobal
